
Microsoft Visual Studio Solution File, Format Version 12.00
# Visual Studio Version 16
VisualStudioVersion = 16.0.30503.244
MinimumVisualStudioVersion = 10.0.40219.1
Project("{FAE04EC0-301F-11D3-BF4B-00C04F79EFBC}") = "leomcpugo.GrillTest.Services", "leomcpugo.GrillTest.Services\leomcpugo.GrillTest.Services.csproj", "{09C5B939-5CB0-4E67-AC06-77E6AD891DC7}"
EndProject
Project("{FAE04EC0-301F-11D3-BF4B-00C04F79EFBC}") = "leomcpugo.GrillTest.Shared", "leomcpugo.GrillTest.Shared\leomcpugo.GrillTest.Shared.csproj", "{B30CB4CD-FEE9-45D4-BCC7-13607D223FEE}"
EndProject
Project("{FAE04EC0-301F-11D3-BF4B-00C04F79EFBC}") = "leomcpugo.GrillTest.Griller", "leomcpugo.GrillTest.Griller\leomcpugo.GrillTest.Griller.csproj", "{91DE8938-323C-4456-8CAF-5329FA53FB31}"
EndProject
Project("{FAE04EC0-301F-11D3-BF4B-00C04F79EFBC}") = "leomcpugo.GrillTest.Test", "leomcpugo.GrillTest.Test\leomcpugo.GrillTest.Test.csproj", "{49EE4276-EDC8-4512-AE50-B68C1A47CA9E}"
EndProject
Global
	GlobalSection(SolutionConfigurationPlatforms) = preSolution
		Debug|Any CPU = Debug|Any CPU
		Release|Any CPU = Release|Any CPU
	EndGlobalSection
	GlobalSection(ProjectConfigurationPlatforms) = postSolution
		{09C5B939-5CB0-4E67-AC06-77E6AD891DC7}.Debug|Any CPU.ActiveCfg = Debug|Any CPU
		{09C5B939-5CB0-4E67-AC06-77E6AD891DC7}.Debug|Any CPU.Build.0 = Debug|Any CPU
		{09C5B939-5CB0-4E67-AC06-77E6AD891DC7}.Release|Any CPU.ActiveCfg = Release|Any CPU
		{09C5B939-5CB0-4E67-AC06-77E6AD891DC7}.Release|Any CPU.Build.0 = Release|Any CPU
		{B30CB4CD-FEE9-45D4-BCC7-13607D223FEE}.Debug|Any CPU.ActiveCfg = Debug|Any CPU
		{B30CB4CD-FEE9-45D4-BCC7-13607D223FEE}.Debug|Any CPU.Build.0 = Debug|Any CPU
		{B30CB4CD-FEE9-45D4-BCC7-13607D223FEE}.Release|Any CPU.ActiveCfg = Release|Any CPU
		{B30CB4CD-FEE9-45D4-BCC7-13607D223FEE}.Release|Any CPU.Build.0 = Release|Any CPU
		{91DE8938-323C-4456-8CAF-5329FA53FB31}.Debug|Any CPU.ActiveCfg = Debug|Any CPU
		{91DE8938-323C-4456-8CAF-5329FA53FB31}.Debug|Any CPU.Build.0 = Debug|Any CPU
		{91DE8938-323C-4456-8CAF-5329FA53FB31}.Release|Any CPU.ActiveCfg = Release|Any CPU
		{91DE8938-323C-4456-8CAF-5329FA53FB31}.Release|Any CPU.Build.0 = Release|Any CPU
		{49EE4276-EDC8-4512-AE50-B68C1A47CA9E}.Debug|Any CPU.ActiveCfg = Debug|Any CPU
		{49EE4276-EDC8-4512-AE50-B68C1A47CA9E}.Debug|Any CPU.Build.0 = Debug|Any CPU
		{49EE4276-EDC8-4512-AE50-B68C1A47CA9E}.Release|Any CPU.ActiveCfg = Release|Any CPU
		{49EE4276-EDC8-4512-AE50-B68C1A47CA9E}.Release|Any CPU.Build.0 = Release|Any CPU
	EndGlobalSection
	GlobalSection(SolutionProperties) = preSolution
		HideSolutionNode = FALSE
	EndGlobalSection
	GlobalSection(ExtensibilityGlobals) = postSolution
		SolutionGuid = {05B9E008-5D91-4389-A05E-8C9D7806C5CB}
	EndGlobalSection
EndGlobal
